
Microsoft Visual Studio Solution File, Format Version 12.00
# Visual Studio Version 17
VisualStudioVersion = 17.11.35312.102
MinimumVisualStudioVersion = 10.0.40219.1
Project("{FAE04EC0-301F-11D3-BF4B-00C04F79EFBC}") = "RegistrySearch", "RegistrySearch.csproj", "{3567245B-747A-4CAE-8D98-60CD5EF5FA3C}"
EndProject
Global
	GlobalSection(SolutionConfigurationPlatforms) = preSolution
		Debug|Any CPU = Debug|Any CPU
		Release|Any CPU = Release|Any CPU
	EndGlobalSection
	GlobalSection(ProjectConfigurationPlatforms) = postSolution
		{3567245B-747A-4CAE-8D98-60CD5EF5FA3C}.Debug|Any CPU.ActiveCfg = Debug|Any CPU
		{3567245B-747A-4CAE-8D98-60CD5EF5FA3C}.Debug|Any CPU.Build.0 = Debug|Any CPU
		{3567245B-747A-4CAE-8D98-60CD5EF5FA3C}.Release|Any CPU.ActiveCfg = Release|Any CPU
		{3567245B-747A-4CAE-8D98-60CD5EF5FA3C}.Release|Any CPU.Build.0 = Release|Any CPU
	EndGlobalSection
	GlobalSection(SolutionProperties) = preSolution
		HideSolutionNode = FALSE
	EndGlobalSection
	GlobalSection(ExtensibilityGlobals) = postSolution
		SolutionGuid = {55C75530-6D6E-4AD0-B7F2-6E0FB3AAE0A1}
	EndGlobalSection
EndGlobal
